
Microsoft Visual Studio Solution File, Format Version 12.00
# Visual Studio Version 17
VisualStudioVersion = 17.14.36127.28 d17.14
MinimumVisualStudioVersion = 10.0.40219.1
Project("{FAE04EC0-301F-11D3-BF4B-00C04F79EFBC}") = "TallerClaseMVVMAppGrupo4", "TallerClaseMVVMAppGrupo4\TallerClaseMVVMAppGrupo4.csproj", "{63AF378B-3CC3-4C80-A4D4-E531627B1E79}"
EndProject
Global
	GlobalSection(SolutionConfigurationPlatforms) = preSolution
		Debug|Any CPU = Debug|Any CPU
		Release|Any CPU = Release|Any CPU
	EndGlobalSection
	GlobalSection(ProjectConfigurationPlatforms) = postSolution
		{63AF378B-3CC3-4C80-A4D4-E531627B1E79}.Debug|Any CPU.ActiveCfg = Debug|Any CPU
		{63AF378B-3CC3-4C80-A4D4-E531627B1E79}.Debug|Any CPU.Build.0 = Debug|Any CPU
		{63AF378B-3CC3-4C80-A4D4-E531627B1E79}.Debug|Any CPU.Deploy.0 = Debug|Any CPU
		{63AF378B-3CC3-4C80-A4D4-E531627B1E79}.Release|Any CPU.ActiveCfg = Release|Any CPU
		{63AF378B-3CC3-4C80-A4D4-E531627B1E79}.Release|Any CPU.Build.0 = Release|Any CPU
		{63AF378B-3CC3-4C80-A4D4-E531627B1E79}.Release|Any CPU.Deploy.0 = Release|Any CPU
	EndGlobalSection
	GlobalSection(SolutionProperties) = preSolution
		HideSolutionNode = FALSE
	EndGlobalSection
	GlobalSection(ExtensibilityGlobals) = postSolution
		SolutionGuid = {303378C3-4C3A-4D57-B344-2FFE82B26768}
	EndGlobalSection
EndGlobal
